// !$*UTF8*$!
{
	archiveVersion = 1;
	classes = {
	};
	objectVersion = 56;
	objects = {

/* Begin PBXBuildFile section */
		793129AE2B8FE14200F291C1 /* SchoolAppApp.swift in Sources */ = {isa = PBXBuildFile; fileRef = 793129AD2B8FE14200F291C1 /* SchoolAppApp.swift */; };
		793129B22B8FE14400F291C1 /* Assets.xcassets in Resources */ = {isa = PBXBuildFile; fileRef = 793129B12B8FE14400F291C1 /* Assets.xcassets */; };
		793129B62B8FE14400F291C1 /* Preview Assets.xcassets in Resources */ = {isa = PBXBuildFile; fileRef = 793129B52B8FE14400F291C1 /* Preview Assets.xcassets */; };
		793129C02B8FE14400F291C1 /* SchoolAppTests.swift in Sources */ = {isa = PBXBuildFile; fileRef = 793129BF2B8FE14400F291C1 /* SchoolAppTests.swift */; };
		793129CA2B8FE14400F291C1 /* SchoolAppUITests.swift in Sources */ = {isa = PBXBuildFile; fileRef = 793129C92B8FE14400F291C1 /* SchoolAppUITests.swift */; };
		793129CC2B8FE14400F291C1 /* SchoolAppUITestsLaunchTests.swift in Sources */ = {isa = PBXBuildFile; fileRef = 793129CB2B8FE14400F291C1 /* SchoolAppUITestsLaunchTests.swift */; };
		793129E12B8FE3B200F291C1 /* CommentViewModel.swift in Sources */ = {isa = PBXBuildFile; fileRef = 793129E02B8FE3B200F291C1 /* CommentViewModel.swift */; };
		793129E22B8FE3B200F291C1 /* CommentViewModel.swift in Sources */ = {isa = PBXBuildFile; fileRef = 793129E02B8FE3B200F291C1 /* CommentViewModel.swift */; };
		793129E32B8FE3B200F291C1 /* CommentViewModel.swift in Sources */ = {isa = PBXBuildFile; fileRef = 793129E02B8FE3B200F291C1 /* CommentViewModel.swift */; };
		793129E52B8FE5C000F291C1 /* CommentViewService.swift in Sources */ = {isa = PBXBuildFile; fileRef = 793129E42B8FE5C000F291C1 /* CommentViewService.swift */; };
		793129E62B8FE5C000F291C1 /* CommentViewService.swift in Sources */ = {isa = PBXBuildFile; fileRef = 793129E42B8FE5C000F291C1 /* CommentViewService.swift */; };
		793129E72B8FE5C000F291C1 /* CommentViewService.swift in Sources */ = {isa = PBXBuildFile; fileRef = 793129E42B8FE5C000F291C1 /* CommentViewService.swift */; };
		793129ED2B8FEF9D00F291C1 /* CommentRow.swift in Sources */ = {isa = PBXBuildFile; fileRef = 793129EC2B8FEF9D00F291C1 /* CommentRow.swift */; };
		793129EE2B8FEF9D00F291C1 /* CommentRow.swift in Sources */ = {isa = PBXBuildFile; fileRef = 793129EC2B8FEF9D00F291C1 /* CommentRow.swift */; };
		793129EF2B8FEF9D00F291C1 /* CommentRow.swift in Sources */ = {isa = PBXBuildFile; fileRef = 793129EC2B8FEF9D00F291C1 /* CommentRow.swift */; };
		79312A012B9008A000F291C1 /* CommentModel.swift in Sources */ = {isa = PBXBuildFile; fileRef = 79312A002B9008A000F291C1 /* CommentModel.swift */; };
		79312A022B9008A000F291C1 /* CommentModel.swift in Sources */ = {isa = PBXBuildFile; fileRef = 79312A002B9008A000F291C1 /* CommentModel.swift */; };
		79312A032B9008A000F291C1 /* CommentModel.swift in Sources */ = {isa = PBXBuildFile; fileRef = 79312A002B9008A000F291C1 /* CommentModel.swift */; };
		79312A092B900A9900F291C1 /* CommentsView.swift in Sources */ = {isa = PBXBuildFile; fileRef = 79312A082B900A9900F291C1 /* CommentsView.swift */; };
		79312A0A2B900A9900F291C1 /* CommentsView.swift in Sources */ = {isa = PBXBuildFile; fileRef = 79312A082B900A9900F291C1 /* CommentsView.swift */; };
		79312A0B2B900A9900F291C1 /* CommentsView.swift in Sources */ = {isa = PBXBuildFile; fileRef = 79312A082B900A9900F291C1 /* CommentsView.swift */; };
		79312A0D2B901BA500F291C1 /* DetailCommentView.swift in Sources */ = {isa = PBXBuildFile; fileRef = 79312A0C2B901BA500F291C1 /* DetailCommentView.swift */; };
		79312A0E2B901BA500F291C1 /* DetailCommentView.swift in Sources */ = {isa = PBXBuildFile; fileRef = 79312A0C2B901BA500F291C1 /* DetailCommentView.swift */; };
		79312A0F2B901BA500F291C1 /* DetailCommentView.swift in Sources */ = {isa = PBXBuildFile; fileRef = 79312A0C2B901BA500F291C1 /* DetailCommentView.swift */; };
		79312A112B90209C00F291C1 /* MockCommentViewService.swift in Sources */ = {isa = PBXBuildFile; fileRef = 79312A102B90209C00F291C1 /* MockCommentViewService.swift */; };
		79312A122B90209C00F291C1 /* MockCommentViewService.swift in Sources */ = {isa = PBXBuildFile; fileRef = 79312A102B90209C00F291C1 /* MockCommentViewService.swift */; };
		79312A132B90209C00F291C1 /* MockCommentViewService.swift in Sources */ = {isa = PBXBuildFile; fileRef = 79312A102B90209C00F291C1 /* MockCommentViewService.swift */; };
		79312A192B90247A00F291C1 /* CommentViewModelTests.swift in Sources */ = {isa = PBXBuildFile; fileRef = 79312A182B90247A00F291C1 /* CommentViewModelTests.swift */; };
		79312A202B902C0B00F291C1 /* Comments.json in Resources */ = {isa = PBXBuildFile; fileRef = 79312A1F2B902C0B00F291C1 /* Comments.json */; };
		79312A212B902C0B00F291C1 /* Comments.json in Resources */ = {isa = PBXBuildFile; fileRef = 79312A1F2B902C0B00F291C1 /* Comments.json */; };
		79312A222B902C0B00F291C1 /* Comments.json in Resources */ = {isa = PBXBuildFile; fileRef = 79312A1F2B902C0B00F291C1 /* Comments.json */; };
/* End PBXBuildFile section */

/* Begin PBXContainerItemProxy section */
		793129BC2B8FE14400F291C1 /* PBXContainerItemProxy */ = {
			isa = PBXContainerItemProxy;
			containerPortal = 793129A22B8FE14200F291C1 /* Project object */;
			proxyType = 1;
			remoteGlobalIDString = 793129A92B8FE14200F291C1;
			remoteInfo = SchoolApp;
		};
		793129C62B8FE14400F291C1 /* PBXContainerItemProxy */ = {
			isa = PBXContainerItemProxy;
			containerPortal = 793129A22B8FE14200F291C1 /* Project object */;
			proxyType = 1;
			remoteGlobalIDString = 793129A92B8FE14200F291C1;
			remoteInfo = SchoolApp;
		};
/* End PBXContainerItemProxy section */

/* Begin PBXFileReference section */
		793129AA2B8FE14200F291C1 /* SchoolApp.app */ = {isa = PBXFileReference; explicitFileType = wrapper.application; includeInIndex = 0; path = SchoolApp.app; sourceTree = BUILT_PRODUCTS_DIR; };
		793129AD2B8FE14200F291C1 /* SchoolAppApp.swift */ = {isa = PBXFileReference; lastKnownFileType = sourcecode.swift; path = SchoolAppApp.swift; sourceTree = "<group>"; };
		793129B12B8FE14400F291C1 /* Assets.xcassets */ = {isa = PBXFileReference; lastKnownFileType = folder.assetcatalog; path = Assets.xcassets; sourceTree = "<group>"; };
		793129B32B8FE14400F291C1 /* SchoolApp.entitlements */ = {isa = PBXFileReference; lastKnownFileType = text.plist.entitlements; path = SchoolApp.entitlements; sourceTree = "<group>"; };
		793129B52B8FE14400F291C1 /* Preview Assets.xcassets */ = {isa = PBXFileReference; lastKnownFileType = folder.assetcatalog; path = "Preview Assets.xcassets"; sourceTree = "<group>"; };
		793129BB2B8FE14400F291C1 /* SchoolAppTests.xctest */ = {isa = PBXFileReference; explicitFileType = wrapper.cfbundle; includeInIndex = 0; path = SchoolAppTests.xctest; sourceTree = BUILT_PRODUCTS_DIR; };
		793129BF2B8FE14400F291C1 /* SchoolAppTests.swift */ = {isa = PBXFileReference; lastKnownFileType = sourcecode.swift; path = SchoolAppTests.swift; sourceTree = "<group>"; };
		793129C52B8FE14400F291C1 /* SchoolAppUITests.xctest */ = {isa = PBXFileReference; explicitFileType = wrapper.cfbundle; includeInIndex = 0; path = SchoolAppUITests.xctest; sourceTree = BUILT_PRODUCTS_DIR; };
		793129C92B8FE14400F291C1 /* SchoolAppUITests.swift */ = {isa = PBXFileReference; lastKnownFileType = sourcecode.swift; path = SchoolAppUITests.swift; sourceTree = "<group>"; };
		793129CB2B8FE14400F291C1 /* SchoolAppUITestsLaunchTests.swift */ = {isa = PBXFileReference; lastKnownFileType = sourcecode.swift; path = SchoolAppUITestsLaunchTests.swift; sourceTree = "<group>"; };
		793129E02B8FE3B200F291C1 /* CommentViewModel.swift */ = {isa = PBXFileReference; lastKnownFileType = sourcecode.swift; path = CommentViewModel.swift; sourceTree = "<group>"; };
		793129E42B8FE5C000F291C1 /* CommentViewService.swift */ = {isa = PBXFileReference; lastKnownFileType = sourcecode.swift; path = CommentViewService.swift; sourceTree = "<group>"; };
		793129EC2B8FEF9D00F291C1 /* CommentRow.swift */ = {isa = PBXFileReference; lastKnownFileType = sourcecode.swift; path = CommentRow.swift; sourceTree = "<group>"; };
		79312A002B9008A000F291C1 /* CommentModel.swift */ = {isa = PBXFileReference; lastKnownFileType = sourcecode.swift; path = CommentModel.swift; sourceTree = "<group>"; };
		79312A082B900A9900F291C1 /* CommentsView.swift */ = {isa = PBXFileReference; lastKnownFileType = sourcecode.swift; path = CommentsView.swift; sourceTree = "<group>"; };
		79312A0C2B901BA500F291C1 /* DetailCommentView.swift */ = {isa = PBXFileReference; lastKnownFileType = sourcecode.swift; path = DetailCommentView.swift; sourceTree = "<group>"; };
		79312A102B90209C00F291C1 /* MockCommentViewService.swift */ = {isa = PBXFileReference; lastKnownFileType = sourcecode.swift; path = MockCommentViewService.swift; sourceTree = "<group>"; };
		79312A182B90247A00F291C1 /* CommentViewModelTests.swift */ = {isa = PBXFileReference; lastKnownFileType = sourcecode.swift; path = CommentViewModelTests.swift; sourceTree = "<group>"; };
		79312A1F2B902C0B00F291C1 /* Comments.json */ = {isa = PBXFileReference; lastKnownFileType = text.json; path = Comments.json; sourceTree = "<group>"; };
/* End PBXFileReference section */

/* Begin PBXFrameworksBuildPhase section */
		793129A72B8FE14200F291C1 /* Frameworks */ = {
			isa = PBXFrameworksBuildPhase;
			buildActionMask = 2147483647;
			files = (
			);
			runOnlyForDeploymentPostprocessing = 0;
		};
		793129B82B8FE14400F291C1 /* Frameworks */ = {
			isa = PBXFrameworksBuildPhase;
			buildActionMask = 2147483647;
			files = (
			);
			runOnlyForDeploymentPostprocessing = 0;
		};
		793129C22B8FE14400F291C1 /* Frameworks */ = {
			isa = PBXFrameworksBuildPhase;
			buildActionMask = 2147483647;
			files = (
			);
			runOnlyForDeploymentPostprocessing = 0;
		};
/* End PBXFrameworksBuildPhase section */

/* Begin PBXGroup section */
		793129A12B8FE14200F291C1 = {
			isa = PBXGroup;
			children = (
				793129AC2B8FE14200F291C1 /* SchoolApp */,
				793129BE2B8FE14400F291C1 /* SchoolAppTests */,
				793129C82B8FE14400F291C1 /* SchoolAppUITests */,
				793129AB2B8FE14200F291C1 /* Products */,
			);
			sourceTree = "<group>";
		};
		793129AB2B8FE14200F291C1 /* Products */ = {
			isa = PBXGroup;
			children = (
				793129AA2B8FE14200F291C1 /* SchoolApp.app */,
				793129BB2B8FE14400F291C1 /* SchoolAppTests.xctest */,
				793129C52B8FE14400F291C1 /* SchoolAppUITests.xctest */,
			);
			name = Products;
			sourceTree = "<group>";
		};
		793129AC2B8FE14200F291C1 /* SchoolApp */ = {
			isa = PBXGroup;
			children = (
				793129AD2B8FE14200F291C1 /* SchoolAppApp.swift */,
				79312A082B900A9900F291C1 /* CommentsView.swift */,
				793129E02B8FE3B200F291C1 /* CommentViewModel.swift */,
				793129E42B8FE5C000F291C1 /* CommentViewService.swift */,
				793129EC2B8FEF9D00F291C1 /* CommentRow.swift */,
				79312A002B9008A000F291C1 /* CommentModel.swift */,
				79312A0C2B901BA500F291C1 /* DetailCommentView.swift */,
				793129B12B8FE14400F291C1 /* Assets.xcassets */,
				793129B32B8FE14400F291C1 /* SchoolApp.entitlements */,
				793129B42B8FE14400F291C1 /* Preview Content */,
			);
			path = SchoolApp;
			sourceTree = "<group>";
		};
		793129B42B8FE14400F291C1 /* Preview Content */ = {
			isa = PBXGroup;
			children = (
				793129B52B8FE14400F291C1 /* Preview Assets.xcassets */,
			);
			path = "Preview Content";
			sourceTree = "<group>";
		};
		793129BE2B8FE14400F291C1 /* SchoolAppTests */ = {
			isa = PBXGroup;
			children = (
				793129BF2B8FE14400F291C1 /* SchoolAppTests.swift */,
				79312A1F2B902C0B00F291C1 /* Comments.json */,
				79312A102B90209C00F291C1 /* MockCommentViewService.swift */,
				79312A182B90247A00F291C1 /* CommentViewModelTests.swift */,
			);
			path = SchoolAppTests;
			sourceTree = "<group>";
		};
		793129C82B8FE14400F291C1 /* SchoolAppUITests */ = {
			isa = PBXGroup;
			children = (
				793129C92B8FE14400F291C1 /* SchoolAppUITests.swift */,
				793129CB2B8FE14400F291C1 /* SchoolAppUITestsLaunchTests.swift */,
			);
			path = SchoolAppUITests;
			sourceTree = "<group>";
		};
/* End PBXGroup section */

/* Begin PBXNativeTarget section */
		793129A92B8FE14200F291C1 /* SchoolApp */ = {
			isa = PBXNativeTarget;
			buildConfigurationList = 793129CF2B8FE14400F291C1 /* Build configuration list for PBXNativeTarget "SchoolApp" */;
			buildPhases = (
				793129A62B8FE14200F291C1 /* Sources */,
				793129A72B8FE14200F291C1 /* Frameworks */,
				793129A82B8FE14200F291C1 /* Resources */,
			);
			buildRules = (
			);
			dependencies = (
			);
			name = SchoolApp;
			productName = SchoolApp;
			productReference = 793129AA2B8FE14200F291C1 /* SchoolApp.app */;
			productType = "com.apple.product-type.application";
		};
		793129BA2B8FE14400F291C1 /* SchoolAppTests */ = {
			isa = PBXNativeTarget;
			buildConfigurationList = 793129D22B8FE14400F291C1 /* Build configuration list for PBXNativeTarget "SchoolAppTests" */;
			buildPhases = (
				793129B72B8FE14400F291C1 /* Sources */,
				793129B82B8FE14400F291C1 /* Frameworks */,
				793129B92B8FE14400F291C1 /* Resources */,
			);
			buildRules = (
			);
			dependencies = (
				793129BD2B8FE14400F291C1 /* PBXTargetDependency */,
			);
			name = SchoolAppTests;
			productName = SchoolAppTests;
			productReference = 793129BB2B8FE14400F291C1 /* SchoolAppTests.xctest */;
			productType = "com.apple.product-type.bundle.unit-test";
		};
		793129C42B8FE14400F291C1 /* SchoolAppUITests */ = {
			isa = PBXNativeTarget;
			buildConfigurationList = 793129D52B8FE14400F291C1 /* Build configuration list for PBXNativeTarget "SchoolAppUITests" */;
			buildPhases = (
				793129C12B8FE14400F291C1 /* Sources */,
				793129C22B8FE14400F291C1 /* Frameworks */,
				793129C32B8FE14400F291C1 /* Resources */,
			);
			buildRules = (
			);
			dependencies = (
				793129C72B8FE14400F291C1 /* PBXTargetDependency */,
			);
			name = SchoolAppUITests;
			productName = SchoolAppUITests;
			productReference = 793129C52B8FE14400F291C1 /* SchoolAppUITests.xctest */;
			productType = "com.apple.product-type.bundle.ui-testing";
		};
/* End PBXNativeTarget section */

/* Begin PBXProject section */
		793129A22B8FE14200F291C1 /* Project object */ = {
			isa = PBXProject;
			attributes = {
				BuildIndependentTargetsInParallel = 1;
				LastSwiftUpdateCheck = 1520;
				LastUpgradeCheck = 1520;
				TargetAttributes = {
					793129A92B8FE14200F291C1 = {
						CreatedOnToolsVersion = 15.2;
					};
					793129BA2B8FE14400F291C1 = {
						CreatedOnToolsVersion = 15.2;
						TestTargetID = 793129A92B8FE14200F291C1;
					};
					793129C42B8FE14400F291C1 = {
						CreatedOnToolsVersion = 15.2;
						TestTargetID = 793129A92B8FE14200F291C1;
					};
				};
			};
			buildConfigurationList = 793129A52B8FE14200F291C1 /* Build configuration list for PBXProject "SchoolApp" */;
			compatibilityVersion = "Xcode 14.0";
			developmentRegion = en;
			hasScannedForEncodings = 0;
			knownRegions = (
				en,
				Base,
			);
			mainGroup = 793129A12B8FE14200F291C1;
			productRefGroup = 793129AB2B8FE14200F291C1 /* Products */;
			projectDirPath = "";
			projectRoot = "";
			targets = (
				793129A92B8FE14200F291C1 /* SchoolApp */,
				793129BA2B8FE14400F291C1 /* SchoolAppTests */,
				793129C42B8FE14400F291C1 /* SchoolAppUITests */,
			);
		};
/* End PBXProject section */

/* Begin PBXResourcesBuildPhase section */
		793129A82B8FE14200F291C1 /* Resources */ = {
			isa = PBXResourcesBuildPhase;
			buildActionMask = 2147483647;
			files = (
				793129B62B8FE14400F291C1 /* Preview Assets.xcassets in Resources */,
				79312A202B902C0B00F291C1 /* Comments.json in Resources */,
				793129B22B8FE14400F291C1 /* Assets.xcassets in Resources */,
			);
			runOnlyForDeploymentPostprocessing = 0;
		};
		793129B92B8FE14400F291C1 /* Resources */ = {
			isa = PBXResourcesBuildPhase;
			buildActionMask = 2147483647;
			files = (
				79312A212B902C0B00F291C1 /* Comments.json in Resources */,
			);
			runOnlyForDeploymentPostprocessing = 0;
		};
		793129C32B8FE14400F291C1 /* Resources */ = {
			isa = PBXResourcesBuildPhase;
			buildActionMask = 2147483647;
			files = (
				79312A222B902C0B00F291C1 /* Comments.json in Resources */,
			);
			runOnlyForDeploymentPostprocessing = 0;
		};
/* End PBXResourcesBuildPhase section */

/* Begin PBXSourcesBuildPhase section */
		793129A62B8FE14200F291C1 /* Sources */ = {
			isa = PBXSourcesBuildPhase;
			buildActionMask = 2147483647;
			files = (
				79312A112B90209C00F291C1 /* MockCommentViewService.swift in Sources */,
				79312A0D2B901BA500F291C1 /* DetailCommentView.swift in Sources */,
				793129E12B8FE3B200F291C1 /* CommentViewModel.swift in Sources */,
				79312A012B9008A000F291C1 /* CommentModel.swift in Sources */,
				793129ED2B8FEF9D00F291C1 /* CommentRow.swift in Sources */,
				793129E52B8FE5C000F291C1 /* CommentViewService.swift in Sources */,
				793129AE2B8FE14200F291C1 /* SchoolAppApp.swift in Sources */,
				79312A092B900A9900F291C1 /* CommentsView.swift in Sources */,
			);
			runOnlyForDeploymentPostprocessing = 0;
		};
		793129B72B8FE14400F291C1 /* Sources */ = {
			isa = PBXSourcesBuildPhase;
			buildActionMask = 2147483647;
			files = (
				79312A122B90209C00F291C1 /* MockCommentViewService.swift in Sources */,
				79312A0E2B901BA500F291C1 /* DetailCommentView.swift in Sources */,
				793129E22B8FE3B200F291C1 /* CommentViewModel.swift in Sources */,
				79312A022B9008A000F291C1 /* CommentModel.swift in Sources */,
				793129EE2B8FEF9D00F291C1 /* CommentRow.swift in Sources */,
				793129C02B8FE14400F291C1 /* SchoolAppTests.swift in Sources */,
				79312A192B90247A00F291C1 /* CommentViewModelTests.swift in Sources */,
				793129E62B8FE5C000F291C1 /* CommentViewService.swift in Sources */,
				79312A0A2B900A9900F291C1 /* CommentsView.swift in Sources */,
			);
			runOnlyForDeploymentPostprocessing = 0;
		};
		793129C12B8FE14400F291C1 /* Sources */ = {
			isa = PBXSourcesBuildPhase;
			buildActionMask = 2147483647;
			files = (
				79312A132B90209C00F291C1 /* MockCommentViewService.swift in Sources */,
				793129E32B8FE3B200F291C1 /* CommentViewModel.swift in Sources */,
				793129CC2B8FE14400F291C1 /* SchoolAppUITestsLaunchTests.swift in Sources */,
				793129EF2B8FEF9D00F291C1 /* CommentRow.swift in Sources */,
				79312A0F2B901BA500F291C1 /* DetailCommentView.swift in Sources */,
				793129E72B8FE5C000F291C1 /* CommentViewService.swift in Sources */,
				79312A032B9008A000F291C1 /* CommentModel.swift in Sources */,
				79312A0B2B900A9900F291C1 /* CommentsView.swift in Sources */,
				793129CA2B8FE14400F291C1 /* SchoolAppUITests.swift in Sources */,
			);
			runOnlyForDeploymentPostprocessing = 0;
		};
/* End PBXSourcesBuildPhase section */

/* Begin PBXTargetDependency section */
		793129BD2B8FE14400F291C1 /* PBXTargetDependency */ = {
			isa = PBXTargetDependency;
			target = 793129A92B8FE14200F291C1 /* SchoolApp */;
			targetProxy = 793129BC2B8FE14400F291C1 /* PBXContainerItemProxy */;
		};
		793129C72B8FE14400F291C1 /* PBXTargetDependency */ = {
			isa = PBXTargetDependency;
			target = 793129A92B8FE14200F291C1 /* SchoolApp */;
			targetProxy = 793129C62B8FE14400F291C1 /* PBXContainerItemProxy */;
		};
/* End PBXTargetDependency section */

/* Begin XCBuildConfiguration section */
		793129CD2B8FE14400F291C1 /* Debug */ = {
			isa = XCBuildConfiguration;
			buildSettings = {
				ALWAYS_SEARCH_USER_PATHS = NO;
				ASSETCATALOG_COMPILER_GENERATE_SWIFT_ASSET_SYMBOL_EXTENSIONS = YES;
				CLANG_ANALYZER_NONNULL = YES;
				CLANG_ANALYZER_NUMBER_OBJECT_CONVERSION = YES_AGGRESSIVE;
				CLANG_CXX_LANGUAGE_STANDARD = "gnu++20";
				CLANG_ENABLE_MODULES = YES;
				CLANG_ENABLE_OBJC_ARC = YES;
				CLANG_ENABLE_OBJC_WEAK = YES;
				CLANG_WARN_BLOCK_CAPTURE_AUTORELEASING = YES;
				CLANG_WARN_BOOL_CONVERSION = YES;
				CLANG_WARN_COMMA = YES;
				CLANG_WARN_CONSTANT_CONVERSION = YES;
				CLANG_WARN_DEPRECATED_OBJC_IMPLEMENTATIONS = YES;
				CLANG_WARN_DIRECT_OBJC_ISA_USAGE = YES_ERROR;
				CLANG_WARN_DOCUMENTATION_COMMENTS = YES;
				CLANG_WARN_EMPTY_BODY = YES;
				CLANG_WARN_ENUM_CONVERSION = YES;
				CLANG_WARN_INFINITE_RECURSION = YES;
				CLANG_WARN_INT_CONVERSION = YES;
				CLANG_WARN_NON_LITERAL_NULL_CONVERSION = YES;
				CLANG_WARN_OBJC_IMPLICIT_RETAIN_SELF = YES;
				CLANG_WARN_OBJC_LITERAL_CONVERSION = YES;
				CLANG_WARN_OBJC_ROOT_CLASS = YES_ERROR;
				CLANG_WARN_QUOTED_INCLUDE_IN_FRAMEWORK_HEADER = YES;
				CLANG_WARN_RANGE_LOOP_ANALYSIS = YES;
				CLANG_WARN_STRICT_PROTOTYPES = YES;
				CLANG_WARN_SUSPICIOUS_MOVE = YES;
				CLANG_WARN_UNGUARDED_AVAILABILITY = YES_AGGRESSIVE;
				CLANG_WARN_UNREACHABLE_CODE = YES;
				CLANG_WARN__DUPLICATE_METHOD_MATCH = YES;
				COPY_PHASE_STRIP = NO;
				DEBUG_INFORMATION_FORMAT = dwarf;
				ENABLE_STRICT_OBJC_MSGSEND = YES;
				ENABLE_TESTABILITY = YES;
				ENABLE_USER_SCRIPT_SANDBOXING = YES;
				GCC_C_LANGUAGE_STANDARD = gnu17;
				GCC_DYNAMIC_NO_PIC = NO;
				GCC_NO_COMMON_BLOCKS = YES;
				GCC_OPTIMIZATION_LEVEL = 0;
				GCC_PREPROCESSOR_DEFINITIONS = (
					"DEBUG=1",
					"$(inherited)",
				);
				GCC_WARN_64_TO_32_BIT_CONVERSION = YES;
				GCC_WARN_ABOUT_RETURN_TYPE = YES_ERROR;
				GCC_WARN_UNDECLARED_SELECTOR = YES;
				GCC_WARN_UNINITIALIZED_AUTOS = YES_AGGRESSIVE;
				GCC_WARN_UNUSED_FUNCTION = YES;
				GCC_WARN_UNUSED_VARIABLE = YES;
				LOCALIZATION_PREFERS_STRING_CATALOGS = YES;
				MTL_ENABLE_DEBUG_INFO = INCLUDE_SOURCE;
				MTL_FAST_MATH = YES;
				ONLY_ACTIVE_ARCH = YES;
				SWIFT_ACTIVE_COMPILATION_CONDITIONS = "DEBUG $(inherited)";
				SWIFT_OPTIMIZATION_LEVEL = "-Onone";
			};
			name = Debug;
		};
		793129CE2B8FE14400F291C1 /* Release */ = {
			isa = XCBuildConfiguration;
			buildSettings = {
				ALWAYS_SEARCH_USER_PATHS = NO;
				ASSETCATALOG_COMPILER_GENERATE_SWIFT_ASSET_SYMBOL_EXTENSIONS = YES;
				CLANG_ANALYZER_NONNULL = YES;
				CLANG_ANALYZER_NUMBER_OBJECT_CONVERSION = YES_AGGRESSIVE;
				CLANG_CXX_LANGUAGE_STANDARD = "gnu++20";
				CLANG_ENABLE_MODULES = YES;
				CLANG_ENABLE_OBJC_ARC = YES;
				CLANG_ENABLE_OBJC_WEAK = YES;
				CLANG_WARN_BLOCK_CAPTURE_AUTORELEASING = YES;
				CLANG_WARN_BOOL_CONVERSION = YES;
				CLANG_WARN_COMMA = YES;
				CLANG_WARN_CONSTANT_CONVERSION = YES;
				CLANG_WARN_DEPRECATED_OBJC_IMPLEMENTATIONS = YES;
				CLANG_WARN_DIRECT_OBJC_ISA_USAGE = YES_ERROR;
				CLANG_WARN_DOCUMENTATION_COMMENTS = YES;
				CLANG_WARN_EMPTY_BODY = YES;
				CLANG_WARN_ENUM_CONVERSION = YES;
				CLANG_WARN_INFINITE_RECURSION = YES;
				CLANG_WARN_INT_CONVERSION = YES;
				CLANG_WARN_NON_LITERAL_NULL_CONVERSION = YES;
				CLANG_WARN_OBJC_IMPLICIT_RETAIN_SELF = YES;
				CLANG_WARN_OBJC_LITERAL_CONVERSION = YES;
				CLANG_WARN_OBJC_ROOT_CLASS = YES_ERROR;
				CLANG_WARN_QUOTED_INCLUDE_IN_FRAMEWORK_HEADER = YES;
				CLANG_WARN_RANGE_LOOP_ANALYSIS = YES;
				CLANG_WARN_STRICT_PROTOTYPES = YES;
				CLANG_WARN_SUSPICIOUS_MOVE = YES;
				CLANG_WARN_UNGUARDED_AVAILABILITY = YES_AGGRESSIVE;
				CLANG_WARN_UNREACHABLE_CODE = YES;
				CLANG_WARN__DUPLICATE_METHOD_MATCH = YES;
				COPY_PHASE_STRIP = NO;
				DEBUG_INFORMATION_FORMAT = "dwarf-with-dsym";
				ENABLE_NS_ASSERTIONS = NO;
				ENABLE_STRICT_OBJC_MSGSEND = YES;
				ENABLE_USER_SCRIPT_SANDBOXING = YES;
				GCC_C_LANGUAGE_STANDARD = gnu17;
				GCC_NO_COMMON_BLOCKS = YES;
				GCC_WARN_64_TO_32_BIT_CONVERSION = YES;
				GCC_WARN_ABOUT_RETURN_TYPE = YES_ERROR;
				GCC_WARN_UNDECLARED_SELECTOR = YES;
				GCC_WARN_UNINITIALIZED_AUTOS = YES_AGGRESSIVE;
				GCC_WARN_UNUSED_FUNCTION = YES;
				GCC_WARN_UNUSED_VARIABLE = YES;
				LOCALIZATION_PREFERS_STRING_CATALOGS = YES;
				MTL_ENABLE_DEBUG_INFO = NO;
				MTL_FAST_MATH = YES;
				SWIFT_COMPILATION_MODE = wholemodule;
			};
			name = Release;
		};
		793129D02B8FE14400F291C1 /* Debug */ = {
			isa = XCBuildConfiguration;
			buildSettings = {
				ASSETCATALOG_COMPILER_APPICON_NAME = AppIcon;
				ASSETCATALOG_COMPILER_GLOBAL_ACCENT_COLOR_NAME = AccentColor;
				CODE_SIGN_ENTITLEMENTS = SchoolApp/SchoolApp.entitlements;
				CODE_SIGN_STYLE = Automatic;
				CURRENT_PROJECT_VERSION = 1;
				DEVELOPMENT_ASSET_PATHS = "\"SchoolApp/Preview Content\"";
				ENABLE_PREVIEWS = YES;
				GENERATE_INFOPLIST_FILE = YES;
				"INFOPLIST_KEY_UIApplicationSceneManifest_Generation[sdk=iphoneos*]" = YES;
				"INFOPLIST_KEY_UIApplicationSceneManifest_Generation[sdk=iphonesimulator*]" = YES;
				"INFOPLIST_KEY_UIApplicationSupportsIndirectInputEvents[sdk=iphoneos*]" = YES;
				"INFOPLIST_KEY_UIApplicationSupportsIndirectInputEvents[sdk=iphonesimulator*]" = YES;
				"INFOPLIST_KEY_UILaunchScreen_Generation[sdk=iphoneos*]" = YES;
				"INFOPLIST_KEY_UILaunchScreen_Generation[sdk=iphonesimulator*]" = YES;
				"INFOPLIST_KEY_UIStatusBarStyle[sdk=iphoneos*]" = UIStatusBarStyleDefault;
				"INFOPLIST_KEY_UIStatusBarStyle[sdk=iphonesimulator*]" = UIStatusBarStyleDefault;
				INFOPLIST_KEY_UISupportedInterfaceOrientations_iPad = "UIInterfaceOrientationPortrait UIInterfaceOrientationPortraitUpsideDown UIInterfaceOrientationLandscapeLeft UIInterfaceOrientationLandscapeRight";
				INFOPLIST_KEY_UISupportedInterfaceOrientations_iPhone = "UIInterfaceOrientationPortrait UIInterfaceOrientationLandscapeLeft UIInterfaceOrientationLandscapeRight";
				IPHONEOS_DEPLOYMENT_TARGET = 17.2;
				LD_RUNPATH_SEARCH_PATHS = "@executable_path/Frameworks";
				"LD_RUNPATH_SEARCH_PATHS[sdk=macosx*]" = "@executable_path/../Frameworks";
				MACOSX_DEPLOYMENT_TARGET = 14.2;
				MARKETING_VERSION = 1.0;
				PRODUCT_BUNDLE_IDENTIFIER = priyanka.SchoolApp;
				PRODUCT_NAME = "$(TARGET_NAME)";
				SDKROOT = auto;
				SUPPORTED_PLATFORMS = "iphoneos iphonesimulator macosx";
				SWIFT_EMIT_LOC_STRINGS = YES;
				SWIFT_VERSION = 5.0;
				TARGETED_DEVICE_FAMILY = "1,2";
			};
			name = Debug;
		};
		793129D12B8FE14400F291C1 /* Release */ = {
			isa = XCBuildConfiguration;
			buildSettings = {
				ASSETCATALOG_COMPILER_APPICON_NAME = AppIcon;
				ASSETCATALOG_COMPILER_GLOBAL_ACCENT_COLOR_NAME = AccentColor;
				CODE_SIGN_ENTITLEMENTS = SchoolApp/SchoolApp.entitlements;
				CODE_SIGN_STYLE = Automatic;
				CURRENT_PROJECT_VERSION = 1;
				DEVELOPMENT_ASSET_PATHS = "\"SchoolApp/Preview Content\"";
				ENABLE_PREVIEWS = YES;
				GENERATE_INFOPLIST_FILE = YES;
				"INFOPLIST_KEY_UIApplicationSceneManifest_Generation[sdk=iphoneos*]" = YES;
				"INFOPLIST_KEY_UIApplicationSceneManifest_Generation[sdk=iphonesimulator*]" = YES;
				"INFOPLIST_KEY_UIApplicationSupportsIndirectInputEvents[sdk=iphoneos*]" = YES;
				"INFOPLIST_KEY_UIApplicationSupportsIndirectInputEvents[sdk=iphonesimulator*]" = YES;
				"INFOPLIST_KEY_UILaunchScreen_Generation[sdk=iphoneos*]" = YES;
				"INFOPLIST_KEY_UILaunchScreen_Generation[sdk=iphonesimulator*]" = YES;
				"INFOPLIST_KEY_UIStatusBarStyle[sdk=iphoneos*]" = UIStatusBarStyleDefault;
				"INFOPLIST_KEY_UIStatusBarStyle[sdk=iphonesimulator*]" = UIStatusBarStyleDefault;
				INFOPLIST_KEY_UISupportedInterfaceOrientations_iPad = "UIInterfaceOrientationPortrait UIInterfaceOrientationPortraitUpsideDown UIInterfaceOrientationLandscapeLeft UIInterfaceOrientationLandscapeRight";
				INFOPLIST_KEY_UISupportedInterfaceOrientations_iPhone = "UIInterfaceOrientationPortrait UIInterfaceOrientationLandscapeLeft UIInterfaceOrientationLandscapeRight";
				IPHONEOS_DEPLOYMENT_TARGET = 17.2;
				LD_RUNPATH_SEARCH_PATHS = "@executable_path/Frameworks";
				"LD_RUNPATH_SEARCH_PATHS[sdk=macosx*]" = "@executable_path/../Frameworks";
				MACOSX_DEPLOYMENT_TARGET = 14.2;
				MARKETING_VERSION = 1.0;
				PRODUCT_BUNDLE_IDENTIFIER = priyanka.SchoolApp;
				PRODUCT_NAME = "$(TARGET_NAME)";
				SDKROOT = auto;
				SUPPORTED_PLATFORMS = "iphoneos iphonesimulator macosx";
				SWIFT_EMIT_LOC_STRINGS = YES;
				SWIFT_VERSION = 5.0;
				TARGETED_DEVICE_FAMILY = "1,2";
			};
			name = Release;
		};
		793129D32B8FE14400F291C1 /* Debug */ = {
			isa = XCBuildConfiguration;
			buildSettings = {
				ALWAYS_EMBED_SWIFT_STANDARD_LIBRARIES = YES;
				BUNDLE_LOADER = "$(TEST_HOST)";
				CODE_SIGN_STYLE = Automatic;
				CURRENT_PROJECT_VERSION = 1;
				GENERATE_INFOPLIST_FILE = YES;
				IPHONEOS_DEPLOYMENT_TARGET = 17.2;
				MACOSX_DEPLOYMENT_TARGET = 14.2;
				MARKETING_VERSION = 1.0;
				PRODUCT_BUNDLE_IDENTIFIER = priyanka.SchoolAppTests;
				PRODUCT_NAME = "$(TARGET_NAME)";
				SDKROOT = auto;
				SUPPORTED_PLATFORMS = "iphoneos iphonesimulator macosx";
				SWIFT_EMIT_LOC_STRINGS = NO;
				SWIFT_VERSION = 5.0;
				TARGETED_DEVICE_FAMILY = "1,2";
				TEST_HOST = "$(BUILT_PRODUCTS_DIR)/SchoolApp.app/$(BUNDLE_EXECUTABLE_FOLDER_PATH)/SchoolApp";
			};
			name = Debug;
		};
		793129D42B8FE14400F291C1 /* Release */ = {
			isa = XCBuildConfiguration;
			buildSettings = {
				ALWAYS_EMBED_SWIFT_STANDARD_LIBRARIES = YES;
				BUNDLE_LOADER = "$(TEST_HOST)";
				CODE_SIGN_STYLE = Automatic;
				CURRENT_PROJECT_VERSION = 1;
				GENERATE_INFOPLIST_FILE = YES;
				IPHONEOS_DEPLOYMENT_TARGET = 17.2;
				MACOSX_DEPLOYMENT_TARGET = 14.2;
				MARKETING_VERSION = 1.0;
				PRODUCT_BUNDLE_IDENTIFIER = priyanka.SchoolAppTests;
				PRODUCT_NAME = "$(TARGET_NAME)";
				SDKROOT = auto;
				SUPPORTED_PLATFORMS = "iphoneos iphonesimulator macosx";
				SWIFT_EMIT_LOC_STRINGS = NO;
				SWIFT_VERSION = 5.0;
				TARGETED_DEVICE_FAMILY = "1,2";
				TEST_HOST = "$(BUILT_PRODUCTS_DIR)/SchoolApp.app/$(BUNDLE_EXECUTABLE_FOLDER_PATH)/SchoolApp";
			};
			name = Release;
		};
		793129D62B8FE14400F291C1 /* Debug */ = {
			isa = XCBuildConfiguration;
			buildSettings = {
				ALWAYS_EMBED_SWIFT_STANDARD_LIBRARIES = YES;
				CODE_SIGN_STYLE = Automatic;
				CURRENT_PROJECT_VERSION = 1;
				GENERATE_INFOPLIST_FILE = YES;
				IPHONEOS_DEPLOYMENT_TARGET = 17.2;
				MACOSX_DEPLOYMENT_TARGET = 14.2;
				MARKETING_VERSION = 1.0;
				PRODUCT_BUNDLE_IDENTIFIER = priyanka.SchoolAppUITests;
				PRODUCT_NAME = "$(TARGET_NAME)";
				SDKROOT = auto;
				SUPPORTED_PLATFORMS = "iphoneos iphonesimulator macosx";
				SWIFT_EMIT_LOC_STRINGS = NO;
				SWIFT_VERSION = 5.0;
				TARGETED_DEVICE_FAMILY = "1,2";
				TEST_TARGET_NAME = SchoolApp;
			};
			name = Debug;
		};
		793129D72B8FE14400F291C1 /* Release */ = {
			isa = XCBuildConfiguration;
			buildSettings = {
				ALWAYS_EMBED_SWIFT_STANDARD_LIBRARIES = YES;
				CODE_SIGN_STYLE = Automatic;
				CURRENT_PROJECT_VERSION = 1;
				GENERATE_INFOPLIST_FILE = YES;
				IPHONEOS_DEPLOYMENT_TARGET = 17.2;
				MACOSX_DEPLOYMENT_TARGET = 14.2;
				MARKETING_VERSION = 1.0;
				PRODUCT_BUNDLE_IDENTIFIER = priyanka.SchoolAppUITests;
				PRODUCT_NAME = "$(TARGET_NAME)";
				SDKROOT = auto;
				SUPPORTED_PLATFORMS = "iphoneos iphonesimulator macosx";
				SWIFT_EMIT_LOC_STRINGS = NO;
				SWIFT_VERSION = 5.0;
				TARGETED_DEVICE_FAMILY = "1,2";
				TEST_TARGET_NAME = SchoolApp;
			};
			name = Release;
		};
/* End XCBuildConfiguration section */

/* Begin XCConfigurationList section */
		793129A52B8FE14200F291C1 /* Build configuration list for PBXProject "SchoolApp" */ = {
			isa = XCConfigurationList;
			buildConfigurations = (
				793129CD2B8FE14400F291C1 /* Debug */,
				793129CE2B8FE14400F291C1 /* Release */,
			);
			defaultConfigurationIsVisible = 0;
			defaultConfigurationName = Release;
		};
		793129CF2B8FE14400F291C1 /* Build configuration list for PBXNativeTarget "SchoolApp" */ = {
			isa = XCConfigurationList;
			buildConfigurations = (
				793129D02B8FE14400F291C1 /* Debug */,
				793129D12B8FE14400F291C1 /* Release */,
			);
			defaultConfigurationIsVisible = 0;
			defaultConfigurationName = Release;
		};
		793129D22B8FE14400F291C1 /* Build configuration list for PBXNativeTarget "SchoolAppTests" */ = {
			isa = XCConfigurationList;
			buildConfigurations = (
				793129D32B8FE14400F291C1 /* Debug */,
				793129D42B8FE14400F291C1 /* Release */,
			);
			defaultConfigurationIsVisible = 0;
			defaultConfigurationName = Release;
		};
		793129D52B8FE14400F291C1 /* Build configuration list for PBXNativeTarget "SchoolAppUITests" */ = {
			isa = XCConfigurationList;
			buildConfigurations = (
				793129D62B8FE14400F291C1 /* Debug */,
				793129D72B8FE14400F291C1 /* Release */,
			);
			defaultConfigurationIsVisible = 0;
			defaultConfigurationName = Release;
		};
/* End XCConfigurationList section */
	};
	rootObject = 793129A22B8FE14200F291C1 /* Project object */;
}
